lockfileVersion: '9.0'

settings:
  autoInstallPeers: true
  excludeLinksFromLockfile: false

importers:

  .:
    devDependencies:
      '@types/lodash':
        specifier: ^4.14.130
        version: 4.17.23
      '@types/node':
        specifier: ^20.0.0
        version: 20.19.33
      '@typescript/native-preview':
        specifier: latest
        version: 7.0.0-dev.20260219.1
      lodash:
        specifier: ^4.17.21
        version: 4.17.23
      type-fest:
        specifier: ^4.0.0
        version: 4.41.0
      typescript:
        specifier: ^5.0.0
        version: 5.9.3

packages:

  '@types/lodash@4.17.23':
    resolution: {integrity: sha512-RDvF6wTulMPjrNdCoYRC8gNR880JNGT8uB+REUpC2Ns4pRqQJhGz90wh7rgdXDPpCczF3VGktDuFGVnz8zP7HA==, tarball: https://nexus.taservs.net/repository/npm-all/@types/lodash/-/lodash-4.17.23.tgz}

  '@types/node@20.19.33':
    resolution: {integrity: sha512-Rs1bVAIdBs5gbTIKza/tgpMuG1k3U/UMJLWecIMxNdJFDMzcM5LOiLVRYh3PilWEYDIeUDv7bpiHPLPsbydGcw==, tarball: https://nexus.taservs.net/repository/npm-all/@types/node/-/node-20.19.33.tgz}

  '@typescript/native-preview-darwin-arm64@7.0.0-dev.20260219.1':
    resolution: {integrity: sha512-h8gG6gE0YcxJZwxFc+JHjqCoFf/EBZ0k6znspV6+NwkyyJHMIqYiawZ7Lzu2Ka8lJDO3QxXcIdw2jKaktwW2wQ==, tarball: https://nexus.taservs.net/repository/npm-all/@typescript/native-preview-darwin-arm64/-/native-preview-darwin-arm64-7.0.0-dev.20260219.1.tgz}
    cpu: [arm64]
    os: [darwin]

  '@typescript/native-preview-darwin-x64@7.0.0-dev.20260219.1':
    resolution: {integrity: sha512-/tSFdSD76V4X3bX+iXecaa41KRuPMl1LQD3nsE45zZFdmDUIhvCwFRXDP+whkcdaJy8RJTALC0wWhIJ6FUmnwA==, tarball: https://nexus.taservs.net/repository/npm-all/@typescript/native-preview-darwin-x64/-/native-preview-darwin-x64-7.0.0-dev.20260219.1.tgz}
    cpu: [x64]
    os: [darwin]

  '@typescript/native-preview-linux-arm64@7.0.0-dev.20260219.1':
    resolution: {integrity: sha512-9MXFr+T5LQlXuDsKTtwFdN1lbaKSMmZzabT8Gr1C74ueun91IiJVhNNISwCWY48c28Ka6O6fwxeHjU44ee/G9Q==, tarball: https://nexus.taservs.net/repository/npm-all/@typescript/native-preview-linux-arm64/-/native-preview-linux-arm64-7.0.0-dev.20260219.1.tgz}
    cpu: [arm64]
    os: [linux]

  '@typescript/native-preview-linux-arm@7.0.0-dev.20260219.1':
    resolution: {integrity: sha512-pmTGfe3VGoCmjyy9r68wurGBsoaqwYRZ8/i7cIxAJNnq1huKuXRnLnVoZm6uOzZ2GtjWFjwmXXCvcdfmy9+PvQ==, tarball: https://nexus.taservs.net/repository/npm-all/@typescript/native-preview-linux-arm/-/native-preview-linux-arm-7.0.0-dev.20260219.1.tgz}
    cpu: [arm]
    os: [linux]

  '@typescript/native-preview-linux-x64@7.0.0-dev.20260219.1':
    resolution: {integrity: sha512-EMLKx9koxTbdWFg+jaqy5MwZQ19usFug6Cw+evkCaFlDEfF5sgJ/npSRhNJLbZ451FR0eqNIKmIEA9cXlHSDuA==, tarball: https://nexus.taservs.net/repository/npm-all/@typescript/native-preview-linux-x64/-/native-preview-linux-x64-7.0.0-dev.20260219.1.tgz}
    cpu: [x64]
    os: [linux]

  '@typescript/native-preview-win32-arm64@7.0.0-dev.20260219.1':
    resolution: {integrity: sha512-vILjYS1EnTZoiD1SfWBtk92qpDrFP9Ln38olonMjtO7mJO6SmN78GHhGR+dyGgNTHQ7PZAxGFiQwZJgrIMWNhw==, tarball: https://nexus.taservs.net/repository/npm-all/@typescript/native-preview-win32-arm64/-/native-preview-win32-arm64-7.0.0-dev.20260219.1.tgz}
    cpu: [arm64]
    os: [win32]

  '@typescript/native-preview-win32-x64@7.0.0-dev.20260219.1':
    resolution: {integrity: sha512-wwjOQCSViLi+mqJycnRek7GeLZXmJClcZaVYFkLRVbmIMWvWSJkafasFjnQHDinXcLiXxZYdJ+oRR/86FOt2Xw==, tarball: https://nexus.taservs.net/repository/npm-all/@typescript/native-preview-win32-x64/-/native-preview-win32-x64-7.0.0-dev.20260219.1.tgz}
    cpu: [x64]
    os: [win32]

  '@typescript/native-preview@7.0.0-dev.20260219.1':
    resolution: {integrity: sha512-Y/mfpmpZwfwyNzBgki/wUm/pWLQM2gaL5cum6lbOv8QNZUtzcIy0wTPaS08sb4yhUSGC1jGaJEPR2FNctfeC2Q==, tarball: https://nexus.taservs.net/repository/npm-all/@typescript/native-preview/-/native-preview-7.0.0-dev.20260219.1.tgz}
    hasBin: true

  lodash@4.17.23:
    resolution: {integrity: sha512-LgVTMpQtIopCi79SJeDiP0TfWi5CNEc/L/aRdTh3yIvmZXTnheWpKjSZhnvMl8iXbC1tFg9gdHHDMLoV7CnG+w==, tarball: https://nexus.taservs.net/repository/npm-all/lodash/-/lodash-4.17.23.tgz}

  type-fest@4.41.0:
    resolution: {integrity: sha512-TeTSQ6H5YHvpqVwBRcnLDCBnDOHWYu7IvGbHT6N8AOymcr9PJGjc1GTtiWZTYg0NCgYwvnYWEkVChQAr9bjfwA==, tarball: https://nexus.taservs.net/repository/npm-all/type-fest/-/type-fest-4.41.0.tgz}
    engines: {node: '>=16'}

  typescript@5.9.3:
    resolution: {integrity: sha512-jl1vZzPDinLr9eUt3J/t7V6FgNEw9QjvBPdysz9KfQDD41fQrC2Y4vKQdiaUpFT4bXlb1RHhLpp8wtm6M5TgSw==, tarball: https://nexus.taservs.net/repository/npm-all/typescript/-/typescript-5.9.3.tgz}
    engines: {node: '>=14.17'}
    hasBin: true

  undici-types@6.21.0:
    resolution: {integrity: sha512-iwDZqg0QAGrg9Rav5H4n0M64c3mkR59cJ6wQp+7C4nI0gsmExaedaYLNO44eT4AtBBwjbTiGPMlt2Md0T9H9JQ==, tarball: https://nexus.taservs.net/repository/npm-all/undici-types/-/undici-types-6.21.0.tgz}

snapshots:

  '@types/lodash@4.17.23': {}

  '@types/node@20.19.33':
    dependencies:
      undici-types: 6.21.0

  '@typescript/native-preview-darwin-arm64@7.0.0-dev.20260219.1':
    optional: true

  '@typescript/native-preview-darwin-x64@7.0.0-dev.20260219.1':
    optional: true

  '@typescript/native-preview-linux-arm64@7.0.0-dev.20260219.1':
    optional: true

  '@typescript/native-preview-linux-arm@7.0.0-dev.20260219.1':
    optional: true

  '@typescript/native-preview-linux-x64@7.0.0-dev.20260219.1':
    optional: true

  '@typescript/native-preview-win32-arm64@7.0.0-dev.20260219.1':
    optional: true

  '@typescript/native-preview-win32-x64@7.0.0-dev.20260219.1':
    optional: true

  '@typescript/native-preview@7.0.0-dev.20260219.1':
    optionalDependencies:
      '@typescript/native-preview-darwin-arm64': 7.0.0-dev.20260219.1
      '@typescript/native-preview-darwin-x64': 7.0.0-dev.20260219.1
      '@typescript/native-preview-linux-arm': 7.0.0-dev.20260219.1
      '@typescript/native-preview-linux-arm64': 7.0.0-dev.20260219.1
      '@typescript/native-preview-linux-x64': 7.0.0-dev.20260219.1
      '@typescript/native-preview-win32-arm64': 7.0.0-dev.20260219.1
      '@typescript/native-preview-win32-x64': 7.0.0-dev.20260219.1

  lodash@4.17.23: {}

  type-fest@4.41.0: {}

  typescript@5.9.3: {}

  undici-types@6.21.0: {}
