lockfileVersion: '9.0'

settings:
  autoInstallPeers: true
  excludeLinksFromLockfile: false

importers:

  .:
    devDependencies:
      '@types/node':
        specifier: ^20.0.0
        version: 20.19.33
      '@typescript/native-preview':
        specifier: latest
        version: 7.0.0-dev.20260220.1
      type-fest:
        specifier: ^4.0.0
        version: 4.41.0
      typescript:
        specifier: ^5.0.0
        version: 5.9.3

packages:

  '@types/node@20.19.33':
    resolution: {integrity: sha512-Rs1bVAIdBs5gbTIKza/tgpMuG1k3U/UMJLWecIMxNdJFDMzcM5LOiLVRYh3PilWEYDIeUDv7bpiHPLPsbydGcw==}

  '@typescript/native-preview-darwin-arm64@7.0.0-dev.20260220.1':
    resolution: {integrity: sha512-VZQHVaLYTpa3wfCLcFD5cfnegr4iDtzBxV6yh3tys+HYePi4TXuAqct/dmziW0cpCo/UQ2KqAPGxwVO3YMDYJA==}
    cpu: [arm64]
    os: [darwin]

  '@typescript/native-preview-darwin-x64@7.0.0-dev.20260220.1':
    resolution: {integrity: sha512-ieGtyz904rlme8YWauDpCqGbnOQQ5dzUyRKU25I7MNIaoZFf0vK5gMh3SLjHC7ayWxjrCa2ezH4ka8UmyWQcPg==}
    cpu: [x64]
    os: [darwin]

  '@typescript/native-preview-linux-arm64@7.0.0-dev.20260220.1':
    resolution: {integrity: sha512-nlOOABSQUe6ix/KOsZS3ALZ/sg9rhtp6SKtQnXO8X4+2XUlwVYS6nIrAQ5jG4+OsCvcESttNeHhBw817uNrsuA==}
    cpu: [arm64]
    os: [linux]

  '@typescript/native-preview-linux-arm@7.0.0-dev.20260220.1':
    resolution: {integrity: sha512-wMA63N6XLAkO0Ibq1Qz2zkQHF6oLynYh5+q1YayzWxp1FOas0oJUdNgVbiWeisAT4IEI9SmYtVwJJNTm/cwrwg==}
    cpu: [arm]
    os: [linux]

  '@typescript/native-preview-linux-x64@7.0.0-dev.20260220.1':
    resolution: {integrity: sha512-W7R/5ct/BGuPAmJuKFU0ZuLU2nzLA26XfoaoUHHoTLYRMMuY3LBv+7zKSUTlSGjayeWQ5KtDrfrY72LarWAXkQ==}
    cpu: [x64]
    os: [linux]

  '@typescript/native-preview-win32-arm64@7.0.0-dev.20260220.1':
    resolution: {integrity: sha512-FNXTr2lS1QLUB05jWjkBVwrDierNuxKduQq9ayloENJrsC8GfG1sXkfy8R021+ozP/D1LI/CFUn3hkB2vPXTsQ==}
    cpu: [arm64]
    os: [win32]

  '@typescript/native-preview-win32-x64@7.0.0-dev.20260220.1':
    resolution: {integrity: sha512-byHRyf4dOuKOADrs43tWyPhmAgqk+XrA/XOsJnGsxUKxPwots+gf9x5kg/IxTbB3QjPsVe/V9QdMl3//sUTCmQ==}
    cpu: [x64]
    os: [win32]

  '@typescript/native-preview@7.0.0-dev.20260220.1':
    resolution: {integrity: sha512-trYXlG98/C7Q7pqnPrKo+ksXrWqWVMncCy2x0VftD2llfL99Z//g2mpB9TmzWeKgb4d1659ESvxTowCGnzMccw==}
    hasBin: true

  type-fest@4.41.0:
    resolution: {integrity: sha512-TeTSQ6H5YHvpqVwBRcnLDCBnDOHWYu7IvGbHT6N8AOymcr9PJGjc1GTtiWZTYg0NCgYwvnYWEkVChQAr9bjfwA==}
    engines: {node: '>=16'}

  typescript@5.9.3:
    resolution: {integrity: sha512-jl1vZzPDinLr9eUt3J/t7V6FgNEw9QjvBPdysz9KfQDD41fQrC2Y4vKQdiaUpFT4bXlb1RHhLpp8wtm6M5TgSw==}
    engines: {node: '>=14.17'}
    hasBin: true

  undici-types@6.21.0:
    resolution: {integrity: sha512-iwDZqg0QAGrg9Rav5H4n0M64c3mkR59cJ6wQp+7C4nI0gsmExaedaYLNO44eT4AtBBwjbTiGPMlt2Md0T9H9JQ==}

snapshots:

  '@types/node@20.19.33':
    dependencies:
      undici-types: 6.21.0

  '@typescript/native-preview-darwin-arm64@7.0.0-dev.20260220.1':
    optional: true

  '@typescript/native-preview-darwin-x64@7.0.0-dev.20260220.1':
    optional: true

  '@typescript/native-preview-linux-arm64@7.0.0-dev.20260220.1':
    optional: true

  '@typescript/native-preview-linux-arm@7.0.0-dev.20260220.1':
    optional: true

  '@typescript/native-preview-linux-x64@7.0.0-dev.20260220.1':
    optional: true

  '@typescript/native-preview-win32-arm64@7.0.0-dev.20260220.1':
    optional: true

  '@typescript/native-preview-win32-x64@7.0.0-dev.20260220.1':
    optional: true

  '@typescript/native-preview@7.0.0-dev.20260220.1':
    optionalDependencies:
      '@typescript/native-preview-darwin-arm64': 7.0.0-dev.20260220.1
      '@typescript/native-preview-darwin-x64': 7.0.0-dev.20260220.1
      '@typescript/native-preview-linux-arm': 7.0.0-dev.20260220.1
      '@typescript/native-preview-linux-arm64': 7.0.0-dev.20260220.1
      '@typescript/native-preview-linux-x64': 7.0.0-dev.20260220.1
      '@typescript/native-preview-win32-arm64': 7.0.0-dev.20260220.1
      '@typescript/native-preview-win32-x64': 7.0.0-dev.20260220.1

  type-fest@4.41.0: {}

  typescript@5.9.3: {}

  undici-types@6.21.0: {}
